<Solution>
  <Project Path="../Recruit_Finder_AI.PythonService.CandidatesVerification/Recruit_Finder_AI.PythonService.CandidatesVerification.pyproj" Type="888888a0-9f3d-457c-b088-3a5042f75d52" Id="210401d4-6d57-431b-8052-503a48de2f2a">
    <Build Project="false" />
  </Project>
  <Project Path="../Recruit_Finder_AI.PythonService.EmailService/Recruit_Finder_AI.PythonService.EmailService.pyproj" Type="888888a0-9f3d-457c-b088-3a5042f75d52" Id="8454da99-f652-47c2-bc73-7e5beaf4f64a">
    <Build Project="false" />
  </Project>
  <Project Path="../Recruit_Finder_AI.PythonService/Recruit_Finder_AI.PythonService.CvVerification.pyproj" Type="888888a0-9f3d-457c-b088-3a5042f75d52" Id="8d2ca5f0-94e8-4f7f-a84f-bd947c935f3c">
    <Build Project="false" />
  </Project>
  <Project Path="Recruit_Finder_AI.csproj" />
</Solution>
